
Microsoft Visual Studio Solution File, Format Version 12.00
# Visual Studio Version 17
VisualStudioVersion = 17.0.31903.59
MinimumVisualStudioVersion = 10.0.40219.1
Project("{2150E333-8FDC-42A3-9474-1A3956D46DE8}") = "src", "src", "{827E0CD3-B72D-47B6-A68D-7590B98EB39B}"
EndProject
Project("{FAE04EC0-301F-11D3-BF4B-00C04F79EFBC}") = "GlossaryMcp.Tools", "src\GlossaryMcp.Tools\GlossaryMcp.Tools.csproj", "{658D6201-8883-4CA3-BDC9-8219DB5B02B2}"
EndProject
Project("{FAE04EC0-301F-11D3-BF4B-00C04F79EFBC}") = "GlossaryMcp.Host", "src\GlossaryMcp.Host\GlossaryMcp.Host.csproj", "{50860E91-B907-4F0F-AC5A-F337C6FDF57A}"
EndProject
Project("{2150E333-8FDC-42A3-9474-1A3956D46DE8}") = "tests", "tests", "{0AB3BF05-4346-4AA6-1389-037BE0695223}"
EndProject
Project("{FAE04EC0-301F-11D3-BF4B-00C04F79EFBC}") = "GlossaryMcp.Tools.Tests", "tests\GlossaryMcp.Tools.Tests\GlossaryMcp.Tools.Tests.csproj", "{2DB3E8EA-85B8-44E3-89FA-53B33A045653}"
EndProject
Global
	GlobalSection(SolutionConfigurationPlatforms) = preSolution
		Debug|Any CPU = Debug|Any CPU
		Debug|x64 = Debug|x64
		Debug|x86 = Debug|x86
		Release|Any CPU = Release|Any CPU
		Release|x64 = Release|x64
		Release|x86 = Release|x86
	EndGlobalSection
	GlobalSection(ProjectConfigurationPlatforms) = postSolution
		{658D6201-8883-4CA3-BDC9-8219DB5B02B2}.Debug|Any CPU.ActiveCfg = Debug|Any CPU
		{658D6201-8883-4CA3-BDC9-8219DB5B02B2}.Debug|Any CPU.Build.0 = Debug|Any CPU
		{658D6201-8883-4CA3-BDC9-8219DB5B02B2}.Debug|x64.ActiveCfg = Debug|Any CPU
		{658D6201-8883-4CA3-BDC9-8219DB5B02B2}.Debug|x64.Build.0 = Debug|Any CPU
		{658D6201-8883-4CA3-BDC9-8219DB5B02B2}.Debug|x86.ActiveCfg = Debug|Any CPU
		{658D6201-8883-4CA3-BDC9-8219DB5B02B2}.Debug|x86.Build.0 = Debug|Any CPU
		{658D6201-8883-4CA3-BDC9-8219DB5B02B2}.Release|Any CPU.ActiveCfg = Release|Any CPU
		{658D6201-8883-4CA3-BDC9-8219DB5B02B2}.Release|Any CPU.Build.0 = Release|Any CPU
		{658D6201-8883-4CA3-BDC9-8219DB5B02B2}.Release|x64.ActiveCfg = Release|Any CPU
		{658D6201-8883-4CA3-BDC9-8219DB5B02B2}.Release|x64.Build.0 = Release|Any CPU
		{658D6201-8883-4CA3-BDC9-8219DB5B02B2}.Release|x86.ActiveCfg = Release|Any CPU
		{658D6201-8883-4CA3-BDC9-8219DB5B02B2}.Release|x86.Build.0 = Release|Any CPU
		{50860E91-B907-4F0F-AC5A-F337C6FDF57A}.Debug|Any CPU.ActiveCfg = Debug|Any CPU
		{50860E91-B907-4F0F-AC5A-F337C6FDF57A}.Debug|Any CPU.Build.0 = Debug|Any CPU
		{50860E91-B907-4F0F-AC5A-F337C6FDF57A}.Debug|x64.ActiveCfg = Debug|Any CPU
		{50860E91-B907-4F0F-AC5A-F337C6FDF57A}.Debug|x64.Build.0 = Debug|Any CPU
		{50860E91-B907-4F0F-AC5A-F337C6FDF57A}.Debug|x86.ActiveCfg = Debug|Any CPU
		{50860E91-B907-4F0F-AC5A-F337C6FDF57A}.Debug|x86.Build.0 = Debug|Any CPU
		{50860E91-B907-4F0F-AC5A-F337C6FDF57A}.Release|Any CPU.ActiveCfg = Release|Any CPU
		{50860E91-B907-4F0F-AC5A-F337C6FDF57A}.Release|Any CPU.Build.0 = Release|Any CPU
		{50860E91-B907-4F0F-AC5A-F337C6FDF57A}.Release|x64.ActiveCfg = Release|Any CPU
		{50860E91-B907-4F0F-AC5A-F337C6FDF57A}.Release|x64.Build.0 = Release|Any CPU
		{50860E91-B907-4F0F-AC5A-F337C6FDF57A}.Release|x86.ActiveCfg = Release|Any CPU
		{50860E91-B907-4F0F-AC5A-F337C6FDF57A}.Release|x86.Build.0 = Release|Any CPU
		{2DB3E8EA-85B8-44E3-89FA-53B33A045653}.Debug|Any CPU.ActiveCfg = Debug|Any CPU
		{2DB3E8EA-85B8-44E3-89FA-53B33A045653}.Debug|Any CPU.Build.0 = Debug|Any CPU
		{2DB3E8EA-85B8-44E3-89FA-53B33A045653}.Debug|x64.ActiveCfg = Debug|Any CPU
		{2DB3E8EA-85B8-44E3-89FA-53B33A045653}.Debug|x64.Build.0 = Debug|Any CPU
		{2DB3E8EA-85B8-44E3-89FA-53B33A045653}.Debug|x86.ActiveCfg = Debug|Any CPU
		{2DB3E8EA-85B8-44E3-89FA-53B33A045653}.Debug|x86.Build.0 = Debug|Any CPU
		{2DB3E8EA-85B8-44E3-89FA-53B33A045653}.Release|Any CPU.ActiveCfg = Release|Any CPU
		{2DB3E8EA-85B8-44E3-89FA-53B33A045653}.Release|Any CPU.Build.0 = Release|Any CPU
		{2DB3E8EA-85B8-44E3-89FA-53B33A045653}.Release|x64.ActiveCfg = Release|Any CPU
		{2DB3E8EA-85B8-44E3-89FA-53B33A045653}.Release|x64.Build.0 = Release|Any CPU
		{2DB3E8EA-85B8-44E3-89FA-53B33A045653}.Release|x86.ActiveCfg = Release|Any CPU
		{2DB3E8EA-85B8-44E3-89FA-53B33A045653}.Release|x86.Build.0 = Release|Any CPU
	EndGlobalSection
	GlobalSection(SolutionProperties) = preSolution
		HideSolutionNode = FALSE
	EndGlobalSection
	GlobalSection(NestedProjects) = preSolution
		{658D6201-8883-4CA3-BDC9-8219DB5B02B2} = {827E0CD3-B72D-47B6-A68D-7590B98EB39B}
		{50860E91-B907-4F0F-AC5A-F337C6FDF57A} = {827E0CD3-B72D-47B6-A68D-7590B98EB39B}
		{2DB3E8EA-85B8-44E3-89FA-53B33A045653} = {0AB3BF05-4346-4AA6-1389-037BE0695223}
	EndGlobalSection
EndGlobal
